// !$*UTF8*$!
{
	archiveVersion = 1;
	classes = {
	};
	objectVersion = 46;
	objects = {

/* Begin PBXBuildFile section */
		2154BB551F00302800FBBBD6 /* GoogleService-Info.plist in Resources */ = {isa = PBXBuildFile; fileRef = 2154BB541F00302800FBBBD6 /* GoogleService-Info.plist */; };
		21E29A801EFAD1C20053E688 /* RegisterViewController.swift in Sources */ = {isa = PBXBuildFile; fileRef = 21E29A7E1EFAD1C20053E688 /* RegisterViewController.swift */; };
		21E29A811EFAD1C20053E688 /* RegisterViewController.xib in Resources */ = {isa = PBXBuildFile; fileRef = 21E29A7F1EFAD1C20053E688 /* RegisterViewController.xib */; };
		21E29A851EFAD8D20053E688 /* DetailViewController.swift in Sources */ = {isa = PBXBuildFile; fileRef = 21E29A831EFAD8D20053E688 /* DetailViewController.swift */; };
		21E29A861EFAD8D20053E688 /* DetailViewController.xib in Resources */ = {isa = PBXBuildFile; fileRef = 21E29A841EFAD8D20053E688 /* DetailViewController.xib */; };
		6FC5FA627230274B7A30D6CC /* Pods_KNCinema.framework in Frameworks */ = {isa = PBXBuildFile; fileRef = 7A39ADD8D4ADEEC294C15B8D /* Pods_KNCinema.framework */; };
		CC126D761EF788A90006EBCD /* AppDelegate.swift in Sources */ = {isa = PBXBuildFile; fileRef = CC126D751EF788A90006EBCD /* AppDelegate.swift */; };
		CC126D7E1EF788A90006EBCD /* KNCinema.xcdatamodeld in Sources */ = {isa = PBXBuildFile; fileRef = CC126D7C1EF788A90006EBCD /* KNCinema.xcdatamodeld */; };
		CC126D801EF788A90006EBCD /* Assets.xcassets in Resources */ = {isa = PBXBuildFile; fileRef = CC126D7F1EF788A90006EBCD /* Assets.xcassets */; };
		CC126D831EF788A90006EBCD /* LaunchScreen.storyboard in Resources */ = {isa = PBXBuildFile; fileRef = CC126D811EF788A90006EBCD /* LaunchScreen.storyboard */; };
		CC126D8F1EF7AE2E0006EBCD /* LoginViewController.swift in Sources */ = {isa = PBXBuildFile; fileRef = CC126D8D1EF7AE2E0006EBCD /* LoginViewController.swift */; };
		CC126D901EF7AE2E0006EBCD /* LoginViewController.xib in Resources */ = {isa = PBXBuildFile; fileRef = CC126D8E1EF7AE2E0006EBCD /* LoginViewController.xib */; };
		CC126D971EF7B60B0006EBCD /* ExtensionUIViewController.swift in Sources */ = {isa = PBXBuildFile; fileRef = CC126D961EF7B60B0006EBCD /* ExtensionUIViewController.swift */; };
		CC126D991EF7B8D10006EBCD /* BaseViewController.swift in Sources */ = {isa = PBXBuildFile; fileRef = CC126D981EF7B8D10006EBCD /* BaseViewController.swift */; };
		CC126D9B1EF7B90A0006EBCD /* BaseView.swift in Sources */ = {isa = PBXBuildFile; fileRef = CC126D9A1EF7B90A0006EBCD /* BaseView.swift */; };
		CC126D9F1EF7D7910006EBCD /* HomeViewController.swift in Sources */ = {isa = PBXBuildFile; fileRef = CC126D9D1EF7D7910006EBCD /* HomeViewController.swift */; };
		CC126DA01EF7D7910006EBCD /* HomeViewController.xib in Resources */ = {isa = PBXBuildFile; fileRef = CC126D9E1EF7D7910006EBCD /* HomeViewController.xib */; };
		CC44DDCA1EF901D7002775D8 /* HeaderHomeView.xib in Resources */ = {isa = PBXBuildFile; fileRef = CC44DDC91EF901D7002775D8 /* HeaderHomeView.xib */; };
		CC44DDCC1EF901FD002775D8 /* HeaderHomeView.swift in Sources */ = {isa = PBXBuildFile; fileRef = CC44DDCB1EF901FD002775D8 /* HeaderHomeView.swift */; };
		CC44DDCF1EF90565002775D8 /* HeaderHomeCollectionViewCell.swift in Sources */ = {isa = PBXBuildFile; fileRef = CC44DDCD1EF90565002775D8 /* HeaderHomeCollectionViewCell.swift */; };
		CC44DDD01EF90565002775D8 /* HeaderHomeCollectionViewCell.xib in Resources */ = {isa = PBXBuildFile; fileRef = CC44DDCE1EF90565002775D8 /* HeaderHomeCollectionViewCell.xib */; };
		CC44DDD31EF90700002775D8 /* HomeTableViewCell.swift in Sources */ = {isa = PBXBuildFile; fileRef = CC44DDD11EF90700002775D8 /* HomeTableViewCell.swift */; };
		CC44DDD41EF90700002775D8 /* HomeTableViewCell.xib in Resources */ = {isa = PBXBuildFile; fileRef = CC44DDD21EF90700002775D8 /* HomeTableViewCell.xib */; };
		CCB5D4AB1EFB770800951469 /* User.swift in Sources */ = {isa = PBXBuildFile; fileRef = CCB5D4AA1EFB770800951469 /* User.swift */; };
		CCB5D4AF1EFBB48800951469 /* DataManager.swift in Sources */ = {isa = PBXBuildFile; fileRef = CCB5D4AE1EFBB48800951469 /* DataManager.swift */; };
/* End PBXBuildFile section */

/* Begin PBXFileReference section */
		2154BB541F00302800FBBBD6 /* GoogleService-Info.plist */ = {isa = PBXFileReference; fileEncoding = 4; lastKnownFileType = text.plist.xml; path = "GoogleService-Info.plist"; sourceTree = "<group>"; };
		21E29A7E1EFAD1C20053E688 /* RegisterViewController.swift */ = {isa = PBXFileReference; fileEncoding = 4; lastKnownFileType = sourcecode.swift; path = RegisterViewController.swift; sourceTree = "<group>"; };
		21E29A7F1EFAD1C20053E688 /* RegisterViewController.xib */ = {isa = PBXFileReference; fileEncoding = 4; lastKnownFileType = file.xib; path = RegisterViewController.xib; sourceTree = "<group>"; };
		21E29A831EFAD8D20053E688 /* DetailViewController.swift */ = {isa = PBXFileReference; fileEncoding = 4; lastKnownFileType = sourcecode.swift; path = DetailViewController.swift; sourceTree = "<group>"; };
		21E29A841EFAD8D20053E688 /* DetailViewController.xib */ = {isa = PBXFileReference; fileEncoding = 4; lastKnownFileType = file.xib; path = DetailViewController.xib; sourceTree = "<group>"; };
		5DCF8B89C6A01CCF00F9C228 /* Pods-KNCinema.debug.xcconfig */ = {isa = PBXFileReference; includeInIndex = 1; lastKnownFileType = text.xcconfig; name = "Pods-KNCinema.debug.xcconfig"; path = "Pods/Target Support Files/Pods-KNCinema/Pods-KNCinema.debug.xcconfig"; sourceTree = "<group>"; };
		7A39ADD8D4ADEEC294C15B8D /* Pods_KNCinema.framework */ = {isa = PBXFileReference; explicitFileType = wrapper.framework; includeInIndex = 0; path = Pods_KNCinema.framework; sourceTree = BUILT_PRODUCTS_DIR; };
		B1F399220EF2ABF8C9F211D5 /* Pods-KNCinema.release.xcconfig */ = {isa = PBXFileReference; includeInIndex = 1; lastKnownFileType = text.xcconfig; name = "Pods-KNCinema.release.xcconfig"; path = "Pods/Target Support Files/Pods-KNCinema/Pods-KNCinema.release.xcconfig"; sourceTree = "<group>"; };
		CC126D721EF788A90006EBCD /* KNCinema.app */ = {isa = PBXFileReference; explicitFileType = wrapper.application; includeInIndex = 0; path = KNCinema.app; sourceTree = BUILT_PRODUCTS_DIR; };
		CC126D751EF788A90006EBCD /* AppDelegate.swift */ = {isa = PBXFileReference; lastKnownFileType = sourcecode.swift; path = AppDelegate.swift; sourceTree = "<group>"; };
		CC126D7D1EF788A90006EBCD /* KNCinema.xcdatamodel */ = {isa = PBXFileReference; lastKnownFileType = wrapper.xcdatamodel; path = KNCinema.xcdatamodel; sourceTree = "<group>"; };
		CC126D7F1EF788A90006EBCD /* Assets.xcassets */ = {isa = PBXFileReference; lastKnownFileType = folder.assetcatalog; path = Assets.xcassets; sourceTree = "<group>"; };
		CC126D821EF788A90006EBCD /* Base */ = {isa = PBXFileReference; lastKnownFileType = file.storyboard; name = Base; path = Base.lproj/LaunchScreen.storyboard; sourceTree = "<group>"; };
		CC126D841EF788A90006EBCD /* Info.plist */ = {isa = PBXFileReference; lastKnownFileType = text.plist.xml; path = Info.plist; sourceTree = "<group>"; };
		CC126D8D1EF7AE2E0006EBCD /* LoginViewController.swift */ = {isa = PBXFileReference; fileEncoding = 4; lastKnownFileType = sourcecode.swift; path = LoginViewController.swift; sourceTree = "<group>"; };
		CC126D8E1EF7AE2E0006EBCD /* LoginViewController.xib */ = {isa = PBXFileReference; fileEncoding = 4; lastKnownFileType = file.xib; path = LoginViewController.xib; sourceTree = "<group>"; };
		CC126D961EF7B60B0006EBCD /* ExtensionUIViewController.swift */ = {isa = PBXFileReference; fileEncoding = 4; lastKnownFileType = sourcecode.swift; path = ExtensionUIViewController.swift; sourceTree = "<group>"; };
		CC126D981EF7B8D10006EBCD /* BaseViewController.swift */ = {isa = PBXFileReference; fileEncoding = 4; lastKnownFileType = sourcecode.swift; path = BaseViewController.swift; sourceTree = "<group>"; };
		CC126D9A1EF7B90A0006EBCD /* BaseView.swift */ = {isa = PBXFileReference; fileEncoding = 4; lastKnownFileType = sourcecode.swift; path = BaseView.swift; sourceTree = "<group>"; };
		CC126D9D1EF7D7910006EBCD /* HomeViewController.swift */ = {isa = PBXFileReference; fileEncoding = 4; lastKnownFileType = sourcecode.swift; path = HomeViewController.swift; sourceTree = "<group>"; };
		CC126D9E1EF7D7910006EBCD /* HomeViewController.xib */ = {isa = PBXFileReference; fileEncoding = 4; lastKnownFileType = file.xib; path = HomeViewController.xib; sourceTree = "<group>"; };
		CC44DDC91EF901D7002775D8 /* HeaderHomeView.xib */ = {isa = PBXFileReference; fileEncoding = 4; lastKnownFileType = file.xib; path = HeaderHomeView.xib; sourceTree = "<group>"; };
		CC44DDCB1EF901FD002775D8 /* HeaderHomeView.swift */ = {isa = PBXFileReference; fileEncoding = 4; lastKnownFileType = sourcecode.swift; path = HeaderHomeView.swift; sourceTree = "<group>"; };
		CC44DDCD1EF90565002775D8 /* HeaderHomeCollectionViewCell.swift */ = {isa = PBXFileReference; fileEncoding = 4; lastKnownFileType = sourcecode.swift; path = HeaderHomeCollectionViewCell.swift; sourceTree = "<group>"; };
		CC44DDCE1EF90565002775D8 /* HeaderHomeCollectionViewCell.xib */ = {isa = PBXFileReference; fileEncoding = 4; lastKnownFileType = file.xib; path = HeaderHomeCollectionViewCell.xib; sourceTree = "<group>"; };
		CC44DDD11EF90700002775D8 /* HomeTableViewCell.swift */ = {isa = PBXFileReference; fileEncoding = 4; lastKnownFileType = sourcecode.swift; path = HomeTableViewCell.swift; sourceTree = "<group>"; };
		CC44DDD21EF90700002775D8 /* HomeTableViewCell.xib */ = {isa = PBXFileReference; fileEncoding = 4; lastKnownFileType = file.xib; path = HomeTableViewCell.xib; sourceTree = "<group>"; };
		CCB5D4AA1EFB770800951469 /* User.swift */ = {isa = PBXFileReference; fileEncoding = 4; lastKnownFileType = sourcecode.swift; path = User.swift; sourceTree = "<group>"; };
		CCB5D4AE1EFBB48800951469 /* DataManager.swift */ = {isa = PBXFileReference; fileEncoding = 4; lastKnownFileType = sourcecode.swift; path = DataManager.swift; sourceTree = "<group>"; };
/* End PBXFileReference section */

/* Begin PBXFrameworksBuildPhase section */
		CC126D6F1EF788A90006EBCD /* Frameworks */ = {
			isa = PBXFrameworksBuildPhase;
			buildActionMask = 2147483647;
			files = (
				6FC5FA627230274B7A30D6CC /* Pods_KNCinema.framework in Frameworks */,
			);
			runOnlyForDeploymentPostprocessing = 0;
		};
/* End PBXFrameworksBuildPhase section */

/* Begin PBXGroup section */
		21E29A7D1EFAD15A0053E688 /* RegisterViewController */ = {
			isa = PBXGroup;
			children = (
				21E29A7E1EFAD1C20053E688 /* RegisterViewController.swift */,
				21E29A7F1EFAD1C20053E688 /* RegisterViewController.xib */,
			);
			path = RegisterViewController;
			sourceTree = "<group>";
		};
		21E29A821EFAD8B90053E688 /* DetailViewController */ = {
			isa = PBXGroup;
			children = (
				21E29A831EFAD8D20053E688 /* DetailViewController.swift */,
				21E29A841EFAD8D20053E688 /* DetailViewController.xib */,
			);
			path = DetailViewController;
			sourceTree = "<group>";
		};
		69E84CCF8BCF7BD68CD6BF28 /* Pods */ = {
			isa = PBXGroup;
			children = (
				5DCF8B89C6A01CCF00F9C228 /* Pods-KNCinema.debug.xcconfig */,
				B1F399220EF2ABF8C9F211D5 /* Pods-KNCinema.release.xcconfig */,
			);
			name = Pods;
			sourceTree = "<group>";
		};
		B09D73B7483B6090FE1791B2 /* Frameworks */ = {
			isa = PBXGroup;
			children = (
				7A39ADD8D4ADEEC294C15B8D /* Pods_KNCinema.framework */,
			);
			name = Frameworks;
			sourceTree = "<group>";
		};
		CC126D691EF788A90006EBCD = {
			isa = PBXGroup;
			children = (
				CC126D741EF788A90006EBCD /* KNCinema */,
				CC126D731EF788A90006EBCD /* Products */,
				69E84CCF8BCF7BD68CD6BF28 /* Pods */,
				B09D73B7483B6090FE1791B2 /* Frameworks */,
			);
			sourceTree = "<group>";
		};
		CC126D731EF788A90006EBCD /* Products */ = {
			isa = PBXGroup;
			children = (
				CC126D721EF788A90006EBCD /* KNCinema.app */,
			);
			name = Products;
			sourceTree = "<group>";
		};
		CC126D741EF788A90006EBCD /* KNCinema */ = {
			isa = PBXGroup;
			children = (
				CC126D951EF7B5E30006EBCD /* Extension */,
				CC126D921EF7AF5D0006EBCD /* DataManager */,
				CC126D911EF7AF4B0006EBCD /* Model */,
				CC126D8B1EF7AD750006EBCD /* View */,
				CC126D8A1EF7AD6D0006EBCD /* ViewController */,
				CC126D751EF788A90006EBCD /* AppDelegate.swift */,
				CC126D7F1EF788A90006EBCD /* Assets.xcassets */,
				CC126D811EF788A90006EBCD /* LaunchScreen.storyboard */,
				CC126D841EF788A90006EBCD /* Info.plist */,
				CC126D7C1EF788A90006EBCD /* KNCinema.xcdatamodeld */,
				2154BB541F00302800FBBBD6 /* GoogleService-Info.plist */,
			);
			path = KNCinema;
			sourceTree = "<group>";
		};
		CC126D8A1EF7AD6D0006EBCD /* ViewController */ = {
			isa = PBXGroup;
			children = (
				21E29A821EFAD8B90053E688 /* DetailViewController */,
				21E29A7D1EFAD15A0053E688 /* RegisterViewController */,
				CC126D9C1EF7D7810006EBCD /* HomeViewController */,
				CC126D931EF7B3080006EBCD /* BaseViewController */,
				CC126D8C1EF7ADB90006EBCD /* LoginViewController */,
			);
			path = ViewController;
			sourceTree = "<group>";
		};
		CC126D8B1EF7AD750006EBCD /* View */ = {
			isa = PBXGroup;
			children = (
				CC44DDC81EF901B6002775D8 /* HomeView */,
				CC126D941EF7B3150006EBCD /* BaseView */,
			);
			path = View;
			sourceTree = "<group>";
		};
		CC126D8C1EF7ADB90006EBCD /* LoginViewController */ = {
			isa = PBXGroup;
			children = (
				CC126D8D1EF7AE2E0006EBCD /* LoginViewController.swift */,
				CC126D8E1EF7AE2E0006EBCD /* LoginViewController.xib */,
			);
			path = LoginViewController;
			sourceTree = "<group>";
		};
		CC126D911EF7AF4B0006EBCD /* Model */ = {
			isa = PBXGroup;
			children = (
				CCB5D4AA1EFB770800951469 /* User.swift */,
			);
			path = Model;
			sourceTree = "<group>";
		};
		CC126D921EF7AF5D0006EBCD /* DataManager */ = {
			isa = PBXGroup;
			children = (
				CCB5D4AE1EFBB48800951469 /* DataManager.swift */,
			);
			path = DataManager;
			sourceTree = "<group>";
		};
		CC126D931EF7B3080006EBCD /* BaseViewController */ = {
			isa = PBXGroup;
			children = (
				CC126D981EF7B8D10006EBCD /* BaseViewController.swift */,
			);
			path = BaseViewController;
			sourceTree = "<group>";
		};
		CC126D941EF7B3150006EBCD /* BaseView */ = {
			isa = PBXGroup;
			children = (
				CC126D9A1EF7B90A0006EBCD /* BaseView.swift */,
			);
			path = BaseView;
			sourceTree = "<group>";
		};
		CC126D951EF7B5E30006EBCD /* Extension */ = {
			isa = PBXGroup;
			children = (
				CC126D961EF7B60B0006EBCD /* ExtensionUIViewController.swift */,
			);
			path = Extension;
			sourceTree = "<group>";
		};
		CC126D9C1EF7D7810006EBCD /* HomeViewController */ = {
			isa = PBXGroup;
			children = (
				CC126D9D1EF7D7910006EBCD /* HomeViewController.swift */,
				CC126D9E1EF7D7910006EBCD /* HomeViewController.xib */,
			);
			path = HomeViewController;
			sourceTree = "<group>";
		};
		CC44DDC81EF901B6002775D8 /* HomeView */ = {
			isa = PBXGroup;
			children = (
				CC44DDCB1EF901FD002775D8 /* HeaderHomeView.swift */,
				CC44DDC91EF901D7002775D8 /* HeaderHomeView.xib */,
				CC44DDCD1EF90565002775D8 /* HeaderHomeCollectionViewCell.swift */,
				CC44DDCE1EF90565002775D8 /* HeaderHomeCollectionViewCell.xib */,
				CC44DDD11EF90700002775D8 /* HomeTableViewCell.swift */,
				CC44DDD21EF90700002775D8 /* HomeTableViewCell.xib */,
			);
			path = HomeView;
			sourceTree = "<group>";
		};
/* End PBXGroup section */

/* Begin PBXNativeTarget section */
		CC126D711EF788A90006EBCD /* KNCinema */ = {
			isa = PBXNativeTarget;
			buildConfigurationList = CC126D871EF788A90006EBCD /* Build configuration list for PBXNativeTarget "KNCinema" */;
			buildPhases = (
				16BEE850AD20D5DD8A716BD2 /* [CP] Check Pods Manifest.lock */,
				CC126D6E1EF788A90006EBCD /* Sources */,
				CC126D6F1EF788A90006EBCD /* Frameworks */,
				CC126D701EF788A90006EBCD /* Resources */,
				0B2073913A24A40638F9E321 /* [CP] Embed Pods Frameworks */,
				63F5B668EFE901E90F145AC2 /* [CP] Copy Pods Resources */,
			);
			buildRules = (
			);
			dependencies = (
			);
			name = KNCinema;
			productName = KNCinema;
			productReference = CC126D721EF788A90006EBCD /* KNCinema.app */;
			productType = "com.apple.product-type.application";
		};
/* End PBXNativeTarget section */

/* Begin PBXProject section */
		CC126D6A1EF788A90006EBCD /* Project object */ = {
			isa = PBXProject;
			attributes = {
				LastSwiftUpdateCheck = 0830;
				LastUpgradeCheck = 0830;
				ORGANIZATIONNAME = ABC;
				TargetAttributes = {
					CC126D711EF788A90006EBCD = {
						CreatedOnToolsVersion = 8.3;
						DevelopmentTeam = UZF2EAZR7R;
						ProvisioningStyle = Automatic;
					};
				};
			};
			buildConfigurationList = CC126D6D1EF788A90006EBCD /* Build configuration list for PBXProject "KNCinema" */;
			compatibilityVersion = "Xcode 3.2";
			developmentRegion = English;
			hasScannedForEncodings = 0;
			knownRegions = (
				en,
				Base,
			);
			mainGroup = CC126D691EF788A90006EBCD;
			productRefGroup = CC126D731EF788A90006EBCD /* Products */;
			projectDirPath = "";
			projectRoot = "";
			targets = (
				CC126D711EF788A90006EBCD /* KNCinema */,
			);
		};
/* End PBXProject section */

/* Begin PBXResourcesBuildPhase section */
		CC126D701EF788A90006EBCD /* Resources */ = {
			isa = PBXResourcesBuildPhase;
			buildActionMask = 2147483647;
			files = (
				CC44DDD01EF90565002775D8 /* HeaderHomeCollectionViewCell.xib in Resources */,
				CC44DDD41EF90700002775D8 /* HomeTableViewCell.xib in Resources */,
				CC126D831EF788A90006EBCD /* LaunchScreen.storyboard in Resources */,
				CC44DDCA1EF901D7002775D8 /* HeaderHomeView.xib in Resources */,
				21E29A811EFAD1C20053E688 /* RegisterViewController.xib in Resources */,
				CC126D801EF788A90006EBCD /* Assets.xcassets in Resources */,
				21E29A861EFAD8D20053E688 /* DetailViewController.xib in Resources */,
				2154BB551F00302800FBBBD6 /* GoogleService-Info.plist in Resources */,
				CC126D901EF7AE2E0006EBCD /* LoginViewController.xib in Resources */,
				CC126DA01EF7D7910006EBCD /* HomeViewController.xib in Resources */,
			);
			runOnlyForDeploymentPostprocessing = 0;
		};
/* End PBXResourcesBuildPhase section */

/* Begin PBXShellScriptBuildPhase section */
		0B2073913A24A40638F9E321 /* [CP] Embed Pods Frameworks */ = {
			isa = PBXShellScriptBuildPhase;
			buildActionMask = 2147483647;
			files = (
			);
			inputPaths = (
			);
			name = "[CP] Embed Pods Frameworks";
			outputPaths = (
			);
			runOnlyForDeploymentPostprocessing = 0;
			shellPath = /bin/sh;
			shellScript = "\"${SRCROOT}/Pods/Target Support Files/Pods-KNCinema/Pods-KNCinema-frameworks.sh\"\n";
			showEnvVarsInLog = 0;
		};
		16BEE850AD20D5DD8A716BD2 /* [CP] Check Pods Manifest.lock */ = {
			isa = PBXShellScriptBuildPhase;
			buildActionMask = 2147483647;
			files = (
			);
			inputPaths = (
			);
			name = "[CP] Check Pods Manifest.lock";
			outputPaths = (
			);
			runOnlyForDeploymentPostprocessing = 0;
			shellPath = /bin/sh;
			shellScript = "diff \"${PODS_ROOT}/../Podfile.lock\" \"${PODS_ROOT}/Manifest.lock\" > /dev/null\nif [ $? != 0 ] ; then\n    # print error to STDERR\n    echo \"error: The sandbox is not in sync with the Podfile.lock. Run 'pod install' or update your CocoaPods installation.\" >&2\n    exit 1\nfi\n";
			showEnvVarsInLog = 0;
		};
		63F5B668EFE901E90F145AC2 /* [CP] Copy Pods Resources */ = {
			isa = PBXShellScriptBuildPhase;
			buildActionMask = 2147483647;
			files = (
			);
			inputPaths = (
			);
			name = "[CP] Copy Pods Resources";
			outputPaths = (
			);
			runOnlyForDeploymentPostprocessing = 0;
			shellPath = /bin/sh;
			shellScript = "\"${SRCROOT}/Pods/Target Support Files/Pods-KNCinema/Pods-KNCinema-resources.sh\"\n";
			showEnvVarsInLog = 0;
		};
/* End PBXShellScriptBuildPhase section */

/* Begin PBXSourcesBuildPhase section */
		CC126D6E1EF788A90006EBCD /* Sources */ = {
			isa = PBXSourcesBuildPhase;
			buildActionMask = 2147483647;
			files = (
				CCB5D4AB1EFB770800951469 /* User.swift in Sources */,
				CC126D991EF7B8D10006EBCD /* BaseViewController.swift in Sources */,
				21E29A801EFAD1C20053E688 /* RegisterViewController.swift in Sources */,
				CCB5D4AF1EFBB48800951469 /* DataManager.swift in Sources */,
				CC126D971EF7B60B0006EBCD /* ExtensionUIViewController.swift in Sources */,
				21E29A851EFAD8D20053E688 /* DetailViewController.swift in Sources */,
				CC126D8F1EF7AE2E0006EBCD /* LoginViewController.swift in Sources */,
				CC44DDCF1EF90565002775D8 /* HeaderHomeCollectionViewCell.swift in Sources */,
				CC126D9B1EF7B90A0006EBCD /* BaseView.swift in Sources */,
				CC44DDCC1EF901FD002775D8 /* HeaderHomeView.swift in Sources */,
				CC44DDD31EF90700002775D8 /* HomeTableViewCell.swift in Sources */,
				CC126D761EF788A90006EBCD /* AppDelegate.swift in Sources */,
				CC126D9F1EF7D7910006EBCD /* HomeViewController.swift in Sources */,
				CC126D7E1EF788A90006EBCD /* KNCinema.xcdatamodeld in Sources */,
			);
			runOnlyForDeploymentPostprocessing = 0;
		};
/* End PBXSourcesBuildPhase section */

/* Begin PBXVariantGroup section */
		CC126D811EF788A90006EBCD /* LaunchScreen.storyboard */ = {
			isa = PBXVariantGroup;
			children = (
				CC126D821EF788A90006EBCD /* Base */,
			);
			name = LaunchScreen.storyboard;
			sourceTree = "<group>";
		};
/* End PBXVariantGroup section */

/* Begin XCBuildConfiguration section */
		CC126D851EF788A90006EBCD /* Debug */ = {
			isa = XCBuildConfiguration;
			buildSettings = {
				ALWAYS_SEARCH_USER_PATHS = NO;
				CLANG_ANALYZER_NONNULL = YES;
				CLANG_ANALYZER_NUMBER_OBJECT_CONVERSION = YES_AGGRESSIVE;
				CLANG_CXX_LANGUAGE_STANDARD = "gnu++0x";
				CLANG_CXX_LIBRARY = "libc++";
				CLANG_ENABLE_MODULES = YES;
				CLANG_ENABLE_OBJC_ARC = YES;
				CLANG_WARN_BOOL_CONVERSION = YES;
				CLANG_WARN_CONSTANT_CONVERSION = YES;
				CLANG_WARN_DIRECT_OBJC_ISA_USAGE = YES_ERROR;
				CLANG_WARN_DOCUMENTATION_COMMENTS = YES;
				CLANG_WARN_EMPTY_BODY = YES;
				CLANG_WARN_ENUM_CONVERSION = YES;
				CLANG_WARN_INFINITE_RECURSION = YES;
				CLANG_WARN_INT_CONVERSION = YES;
				CLANG_WARN_OBJC_ROOT_CLASS = YES_ERROR;
				CLANG_WARN_SUSPICIOUS_MOVE = YES;
				CLANG_WARN_UNREACHABLE_CODE = YES;
				CLANG_WARN__DUPLICATE_METHOD_MATCH = YES;
				"CODE_SIGN_IDENTITY[sdk=iphoneos*]" = "iPhone Developer";
				COPY_PHASE_STRIP = NO;
				DEBUG_INFORMATION_FORMAT = dwarf;
				ENABLE_STRICT_OBJC_MSGSEND = YES;
				ENABLE_TESTABILITY = YES;
				GCC_C_LANGUAGE_STANDARD = gnu99;
				GCC_DYNAMIC_NO_PIC = NO;
				GCC_NO_COMMON_BLOCKS = YES;
				GCC_OPTIMIZATION_LEVEL = 0;
				GCC_PREPROCESSOR_DEFINITIONS = (
					"DEBUG=1",
					"$(inherited)",
				);
				GCC_WARN_64_TO_32_BIT_CONVERSION = YES;
				GCC_WARN_ABOUT_RETURN_TYPE = YES_ERROR;
				GCC_WARN_UNDECLARED_SELECTOR = YES;
				GCC_WARN_UNINITIALIZED_AUTOS = YES_AGGRESSIVE;
				GCC_WARN_UNUSED_FUNCTION = YES;
				GCC_WARN_UNUSED_VARIABLE = YES;
				IPHONEOS_DEPLOYMENT_TARGET = 10.3;
				MTL_ENABLE_DEBUG_INFO = YES;
				ONLY_ACTIVE_ARCH = YES;
				SDKROOT = iphoneos;
				SWIFT_ACTIVE_COMPILATION_CONDITIONS = DEBUG;
				SWIFT_OPTIMIZATION_LEVEL = "-Onone";
				TARGETED_DEVICE_FAMILY = "1,2";
			};
			name = Debug;
		};
		CC126D861EF788A90006EBCD /* Release */ = {
			isa = XCBuildConfiguration;
			buildSettings = {
				ALWAYS_SEARCH_USER_PATHS = NO;
				CLANG_ANALYZER_NONNULL = YES;
				CLANG_ANALYZER_NUMBER_OBJECT_CONVERSION = YES_AGGRESSIVE;
				CLANG_CXX_LANGUAGE_STANDARD = "gnu++0x";
				CLANG_CXX_LIBRARY = "libc++";
				CLANG_ENABLE_MODULES = YES;
				CLANG_ENABLE_OBJC_ARC = YES;
				CLANG_WARN_BOOL_CONVERSION = YES;
				CLANG_WARN_CONSTANT_CONVERSION = YES;
				CLANG_WARN_DIRECT_OBJC_ISA_USAGE = YES_ERROR;
				CLANG_WARN_DOCUMENTATION_COMMENTS = YES;
				CLANG_WARN_EMPTY_BODY = YES;
				CLANG_WARN_ENUM_CONVERSION = YES;
				CLANG_WARN_INFINITE_RECURSION = YES;
				CLANG_WARN_INT_CONVERSION = YES;
				CLANG_WARN_OBJC_ROOT_CLASS = YES_ERROR;
				CLANG_WARN_SUSPICIOUS_MOVE = YES;
				CLANG_WARN_UNREACHABLE_CODE = YES;
				CLANG_WARN__DUPLICATE_METHOD_MATCH = YES;
				"CODE_SIGN_IDENTITY[sdk=iphoneos*]" = "iPhone Developer";
				COPY_PHASE_STRIP = NO;
				DEBUG_INFORMATION_FORMAT = "dwarf-with-dsym";
				ENABLE_NS_ASSERTIONS = NO;
				ENABLE_STRICT_OBJC_MSGSEND = YES;
				GCC_C_LANGUAGE_STANDARD = gnu99;
				GCC_NO_COMMON_BLOCKS = YES;
				GCC_WARN_64_TO_32_BIT_CONVERSION = YES;
				GCC_WARN_ABOUT_RETURN_TYPE = YES_ERROR;
				GCC_WARN_UNDECLARED_SELECTOR = YES;
				GCC_WARN_UNINITIALIZED_AUTOS = YES_AGGRESSIVE;
				GCC_WARN_UNUSED_FUNCTION = YES;
				GCC_WARN_UNUSED_VARIABLE = YES;
				IPHONEOS_DEPLOYMENT_TARGET = 10.3;
				MTL_ENABLE_DEBUG_INFO = NO;
				SDKROOT = iphoneos;
				SWIFT_OPTIMIZATION_LEVEL = "-Owholemodule";
				TARGETED_DEVICE_FAMILY = "1,2";
				VALIDATE_PRODUCT = YES;
			};
			name = Release;
		};
		CC126D881EF788A90006EBCD /* Debug */ = {
			isa = XCBuildConfiguration;
			baseConfigurationReference = 5DCF8B89C6A01CCF00F9C228 /* Pods-KNCinema.debug.xcconfig */;
			buildSettings = {
				ASSETCATALOG_COMPILER_APPICON_NAME = AppIcon;
				DEVELOPMENT_TEAM = UZF2EAZR7R;
				INFOPLIST_FILE = KNCinema/Info.plist;
				IPHONEOS_DEPLOYMENT_TARGET = 10.1;
				LD_RUNPATH_SEARCH_PATHS = "$(inherited) @executable_path/Frameworks";
				PRODUCT_BUNDLE_IDENTIFIER = ABC.KNCinema;
				PRODUCT_NAME = "$(TARGET_NAME)";
				SWIFT_VERSION = 3.0;
			};
			name = Debug;
		};
		CC126D891EF788A90006EBCD /* Release */ = {
			isa = XCBuildConfiguration;
			baseConfigurationReference = B1F399220EF2ABF8C9F211D5 /* Pods-KNCinema.release.xcconfig */;
			buildSettings = {
				ASSETCATALOG_COMPILER_APPICON_NAME = AppIcon;
				DEVELOPMENT_TEAM = UZF2EAZR7R;
				INFOPLIST_FILE = KNCinema/Info.plist;
				IPHONEOS_DEPLOYMENT_TARGET = 10.1;
				LD_RUNPATH_SEARCH_PATHS = "$(inherited) @executable_path/Frameworks";
				PRODUCT_BUNDLE_IDENTIFIER = ABC.KNCinema;
				PRODUCT_NAME = "$(TARGET_NAME)";
				SWIFT_VERSION = 3.0;
			};
			name = Release;
		};
/* End XCBuildConfiguration section */

/* Begin XCConfigurationList section */
		CC126D6D1EF788A90006EBCD /* Build configuration list for PBXProject "KNCinema" */ = {
			isa = XCConfigurationList;
			buildConfigurations = (
				CC126D851EF788A90006EBCD /* Debug */,
				CC126D861EF788A90006EBCD /* Release */,
			);
			defaultConfigurationIsVisible = 0;
			defaultConfigurationName = Release;
		};
		CC126D871EF788A90006EBCD /* Build configuration list for PBXNativeTarget "KNCinema" */ = {
			isa = XCConfigurationList;
			buildConfigurations = (
				CC126D881EF788A90006EBCD /* Debug */,
				CC126D891EF788A90006EBCD /* Release */,
			);
			defaultConfigurationIsVisible = 0;
			defaultConfigurationName = Release;
		};
/* End XCConfigurationList section */

/* Begin XCVersionGroup section */
		CC126D7C1EF788A90006EBCD /* KNCinema.xcdatamodeld */ = {
			isa = XCVersionGroup;
			children = (
				CC126D7D1EF788A90006EBCD /* KNCinema.xcdatamodel */,
			);
			currentVersion = CC126D7D1EF788A90006EBCD /* KNCinema.xcdatamodel */;
			path = KNCinema.xcdatamodeld;
			sourceTree = "<group>";
			versionGroupType = wrapper.xcdatamodel;
		};
/* End XCVersionGroup section */
	};
	rootObject = CC126D6A1EF788A90006EBCD /* Project object */;
}
