// !$*UTF8*$!
{
	archiveVersion = 1;
	classes = {
	};
	objectVersion = 46;
	objects = {

/* Begin PBXBuildFile section */
		CC126D761EF788A90006EBCD /* AppDelegate.swift in Sources */ = {isa = PBXBuildFile; fileRef = CC126D751EF788A90006EBCD /* AppDelegate.swift */; };
		CC126D781EF788A90006EBCD /* ViewController.swift in Sources */ = {isa = PBXBuildFile; fileRef = CC126D771EF788A90006EBCD /* ViewController.swift */; };
		CC126D7B1EF788A90006EBCD /* Main.storyboard in Resources */ = {isa = PBXBuildFile; fileRef = CC126D791EF788A90006EBCD /* Main.storyboard */; };
		CC126D7E1EF788A90006EBCD /* KNCinema.xcdatamodeld in Sources */ = {isa = PBXBuildFile; fileRef = CC126D7C1EF788A90006EBCD /* KNCinema.xcdatamodeld */; };
		CC126D801EF788A90006EBCD /* Assets.xcassets in Resources */ = {isa = PBXBuildFile; fileRef = CC126D7F1EF788A90006EBCD /* Assets.xcassets */; };
		CC126D831EF788A90006EBCD /* LaunchScreen.storyboard in Resources */ = {isa = PBXBuildFile; fileRef = CC126D811EF788A90006EBCD /* LaunchScreen.storyboard */; };
/* End PBXBuildFile section */

/* Begin PBXFileReference section */
		CC126D721EF788A90006EBCD /* KNCinema.app */ = {isa = PBXFileReference; explicitFileType = wrapper.application; includeInIndex = 0; path = KNCinema.app; sourceTree = BUILT_PRODUCTS_DIR; };
		CC126D751EF788A90006EBCD /* AppDelegate.swift */ = {isa = PBXFileReference; lastKnownFileType = sourcecode.swift; path = AppDelegate.swift; sourceTree = "<group>"; };
		CC126D771EF788A90006EBCD /* ViewController.swift */ = {isa = PBXFileReference; lastKnownFileType = sourcecode.swift; path = ViewController.swift; sourceTree = "<group>"; };
		CC126D7A1EF788A90006EBCD /* Base */ = {isa = PBXFileReference; lastKnownFileType = file.storyboard; name = Base; path = Base.lproj/Main.storyboard; sourceTree = "<group>"; };
		CC126D7D1EF788A90006EBCD /* KNCinema.xcdatamodel */ = {isa = PBXFileReference; lastKnownFileType = wrapper.xcdatamodel; path = KNCinema.xcdatamodel; sourceTree = "<group>"; };
		CC126D7F1EF788A90006EBCD /* Assets.xcassets */ = {isa = PBXFileReference; lastKnownFileType = folder.assetcatalog; path = Assets.xcassets; sourceTree = "<group>"; };
		CC126D821EF788A90006EBCD /* Base */ = {isa = PBXFileReference; lastKnownFileType = file.storyboard; name = Base; path = Base.lproj/LaunchScreen.storyboard; sourceTree = "<group>"; };
		CC126D841EF788A90006EBCD /* Info.plist */ = {isa = PBXFileReference; lastKnownFileType = text.plist.xml; path = Info.plist; sourceTree = "<group>"; };
/* End PBXFileReference section */

/* Begin PBXFrameworksBuildPhase section */
		CC126D6F1EF788A90006EBCD /* Frameworks */ = {
			isa = PBXFrameworksBuildPhase;
			buildActionMask = 2147483647;
			files = (
			);
			runOnlyForDeploymentPostprocessing = 0;
		};
/* End PBXFrameworksBuildPhase section */

/* Begin PBXGroup section */
		CC126D691EF788A90006EBCD = {
			isa = PBXGroup;
			children = (
				CC126D741EF788A90006EBCD /* KNCinema */,
				CC126D731EF788A90006EBCD /* Products */,
			);
			sourceTree = "<group>";
		};
		CC126D731EF788A90006EBCD /* Products */ = {
			isa = PBXGroup;
			children = (
				CC126D721EF788A90006EBCD /* KNCinema.app */,
			);
			name = Products;
			sourceTree = "<group>";
		};
		CC126D741EF788A90006EBCD /* KNCinema */ = {
			isa = PBXGroup;
			children = (
				CC126D751EF788A90006EBCD /* AppDelegate.swift */,
				CC126D771EF788A90006EBCD /* ViewController.swift */,
				CC126D791EF788A90006EBCD /* Main.storyboard */,
				CC126D7F1EF788A90006EBCD /* Assets.xcassets */,
				CC126D811EF788A90006EBCD /* LaunchScreen.storyboard */,
				CC126D841EF788A90006EBCD /* Info.plist */,
				CC126D7C1EF788A90006EBCD /* KNCinema.xcdatamodeld */,
			);
			path = KNCinema;
			sourceTree = "<group>";
		};
/* End PBXGroup section */

/* Begin PBXNativeTarget section */
		CC126D711EF788A90006EBCD /* KNCinema */ = {
			isa = PBXNativeTarget;
			buildConfigurationList = CC126D871EF788A90006EBCD /* Build configuration list for PBXNativeTarget "KNCinema" */;
			buildPhases = (
				CC126D6E1EF788A90006EBCD /* Sources */,
				CC126D6F1EF788A90006EBCD /* Frameworks */,
				CC126D701EF788A90006EBCD /* Resources */,
			);
			buildRules = (
			);
			dependencies = (
			);
			name = KNCinema;
			productName = KNCinema;
			productReference = CC126D721EF788A90006EBCD /* KNCinema.app */;
			productType = "com.apple.product-type.application";
		};
/* End PBXNativeTarget section */

/* Begin PBXProject section */
		CC126D6A1EF788A90006EBCD /* Project object */ = {
			isa = PBXProject;
			attributes = {
				LastSwiftUpdateCheck = 0830;
				LastUpgradeCheck = 0830;
				ORGANIZATIONNAME = ABC;
				TargetAttributes = {
					CC126D711EF788A90006EBCD = {
						CreatedOnToolsVersion = 8.3;
						DevelopmentTeam = UZF2EAZR7R;
						ProvisioningStyle = Automatic;
					};
				};
			};
			buildConfigurationList = CC126D6D1EF788A90006EBCD /* Build configuration list for PBXProject "KNCinema" */;
			compatibilityVersion = "Xcode 3.2";
			developmentRegion = English;
			hasScannedForEncodings = 0;
			knownRegions = (
				en,
				Base,
			);
			mainGroup = CC126D691EF788A90006EBCD;
			productRefGroup = CC126D731EF788A90006EBCD /* Products */;
			projectDirPath = "";
			projectRoot = "";
			targets = (
				CC126D711EF788A90006EBCD /* KNCinema */,
			);
		};
/* End PBXProject section */

/* Begin PBXResourcesBuildPhase section */
		CC126D701EF788A90006EBCD /* Resources */ = {
			isa = PBXResourcesBuildPhase;
			buildActionMask = 2147483647;
			files = (
				CC126D831EF788A90006EBCD /* LaunchScreen.storyboard in Resources */,
				CC126D801EF788A90006EBCD /* Assets.xcassets in Resources */,
				CC126D7B1EF788A90006EBCD /* Main.storyboard in Resources */,
			);
			runOnlyForDeploymentPostprocessing = 0;
		};
/* End PBXResourcesBuildPhase section */

/* Begin PBXSourcesBuildPhase section */
		CC126D6E1EF788A90006EBCD /* Sources */ = {
			isa = PBXSourcesBuildPhase;
			buildActionMask = 2147483647;
			files = (
				CC126D781EF788A90006EBCD /* ViewController.swift in Sources */,
				CC126D761EF788A90006EBCD /* AppDelegate.swift in Sources */,
				CC126D7E1EF788A90006EBCD /* KNCinema.xcdatamodeld in Sources */,
			);
			runOnlyForDeploymentPostprocessing = 0;
		};
/* End PBXSourcesBuildPhase section */

/* Begin PBXVariantGroup section */
		CC126D791EF788A90006EBCD /* Main.storyboard */ = {
			isa = PBXVariantGroup;
			children = (
				CC126D7A1EF788A90006EBCD /* Base */,
			);
			name = Main.storyboard;
			sourceTree = "<group>";
		};
		CC126D811EF788A90006EBCD /* LaunchScreen.storyboard */ = {
			isa = PBXVariantGroup;
			children = (
				CC126D821EF788A90006EBCD /* Base */,
			);
			name = LaunchScreen.storyboard;
			sourceTree = "<group>";
		};
/* End PBXVariantGroup section */

/* Begin XCBuildConfiguration section */
		CC126D851EF788A90006EBCD /* Debug */ = {
			isa = XCBuildConfiguration;
			buildSettings = {
				ALWAYS_SEARCH_USER_PATHS = NO;
				CLANG_ANALYZER_NONNULL = YES;
				CLANG_ANALYZER_NUMBER_OBJECT_CONVERSION = YES_AGGRESSIVE;
				CLANG_CXX_LANGUAGE_STANDARD = "gnu++0x";
				CLANG_CXX_LIBRARY = "libc++";
				CLANG_ENABLE_MODULES = YES;
				CLANG_ENABLE_OBJC_ARC = YES;
				CLANG_WARN_BOOL_CONVERSION = YES;
				CLANG_WARN_CONSTANT_CONVERSION = YES;
				CLANG_WARN_DIRECT_OBJC_ISA_USAGE = YES_ERROR;
				CLANG_WARN_DOCUMENTATION_COMMENTS = YES;
				CLANG_WARN_EMPTY_BODY = YES;
				CLANG_WARN_ENUM_CONVERSION = YES;
				CLANG_WARN_INFINITE_RECURSION = YES;
				CLANG_WARN_INT_CONVERSION = YES;
				CLANG_WARN_OBJC_ROOT_CLASS = YES_ERROR;
				CLANG_WARN_SUSPICIOUS_MOVE = YES;
				CLANG_WARN_UNREACHABLE_CODE = YES;
				CLANG_WARN__DUPLICATE_METHOD_MATCH = YES;
				"CODE_SIGN_IDENTITY[sdk=iphoneos*]" = "iPhone Developer";
				COPY_PHASE_STRIP = NO;
				DEBUG_INFORMATION_FORMAT = dwarf;
				ENABLE_STRICT_OBJC_MSGSEND = YES;
				ENABLE_TESTABILITY = YES;
				GCC_C_LANGUAGE_STANDARD = gnu99;
				GCC_DYNAMIC_NO_PIC = NO;
				GCC_NO_COMMON_BLOCKS = YES;
				GCC_OPTIMIZATION_LEVEL = 0;
				GCC_PREPROCESSOR_DEFINITIONS = (
					"DEBUG=1",
					"$(inherited)",
				);
				GCC_WARN_64_TO_32_BIT_CONVERSION = YES;
				GCC_WARN_ABOUT_RETURN_TYPE = YES_ERROR;
				GCC_WARN_UNDECLARED_SELECTOR = YES;
				GCC_WARN_UNINITIALIZED_AUTOS = YES_AGGRESSIVE;
				GCC_WARN_UNUSED_FUNCTION = YES;
				GCC_WARN_UNUSED_VARIABLE = YES;
				IPHONEOS_DEPLOYMENT_TARGET = 10.3;
				MTL_ENABLE_DEBUG_INFO = YES;
				ONLY_ACTIVE_ARCH = YES;
				SDKROOT = iphoneos;
				SWIFT_ACTIVE_COMPILATION_CONDITIONS = DEBUG;
				SWIFT_OPTIMIZATION_LEVEL = "-Onone";
				TARGETED_DEVICE_FAMILY = "1,2";
			};
			name = Debug;
		};
		CC126D861EF788A90006EBCD /* Release */ = {
			isa = XCBuildConfiguration;
			buildSettings = {
				ALWAYS_SEARCH_USER_PATHS = NO;
				CLANG_ANALYZER_NONNULL = YES;
				CLANG_ANALYZER_NUMBER_OBJECT_CONVERSION = YES_AGGRESSIVE;
				CLANG_CXX_LANGUAGE_STANDARD = "gnu++0x";
				CLANG_CXX_LIBRARY = "libc++";
				CLANG_ENABLE_MODULES = YES;
				CLANG_ENABLE_OBJC_ARC = YES;
				CLANG_WARN_BOOL_CONVERSION = YES;
				CLANG_WARN_CONSTANT_CONVERSION = YES;
				CLANG_WARN_DIRECT_OBJC_ISA_USAGE = YES_ERROR;
				CLANG_WARN_DOCUMENTATION_COMMENTS = YES;
				CLANG_WARN_EMPTY_BODY = YES;
				CLANG_WARN_ENUM_CONVERSION = YES;
				CLANG_WARN_INFINITE_RECURSION = YES;
				CLANG_WARN_INT_CONVERSION = YES;
				CLANG_WARN_OBJC_ROOT_CLASS = YES_ERROR;
				CLANG_WARN_SUSPICIOUS_MOVE = YES;
				CLANG_WARN_UNREACHABLE_CODE = YES;
				CLANG_WARN__DUPLICATE_METHOD_MATCH = YES;
				"CODE_SIGN_IDENTITY[sdk=iphoneos*]" = "iPhone Developer";
				COPY_PHASE_STRIP = NO;
				DEBUG_INFORMATION_FORMAT = "dwarf-with-dsym";
				ENABLE_NS_ASSERTIONS = NO;
				ENABLE_STRICT_OBJC_MSGSEND = YES;
				GCC_C_LANGUAGE_STANDARD = gnu99;
				GCC_NO_COMMON_BLOCKS = YES;
				GCC_WARN_64_TO_32_BIT_CONVERSION = YES;
				GCC_WARN_ABOUT_RETURN_TYPE = YES_ERROR;
				GCC_WARN_UNDECLARED_SELECTOR = YES;
				GCC_WARN_UNINITIALIZED_AUTOS = YES_AGGRESSIVE;
				GCC_WARN_UNUSED_FUNCTION = YES;
				GCC_WARN_UNUSED_VARIABLE = YES;
				IPHONEOS_DEPLOYMENT_TARGET = 10.3;
				MTL_ENABLE_DEBUG_INFO = NO;
				SDKROOT = iphoneos;
				SWIFT_OPTIMIZATION_LEVEL = "-Owholemodule";
				TARGETED_DEVICE_FAMILY = "1,2";
				VALIDATE_PRODUCT = YES;
			};
			name = Release;
		};
		CC126D881EF788A90006EBCD /* Debug */ = {
			isa = XCBuildConfiguration;
			buildSettings = {
				ASSETCATALOG_COMPILER_APPICON_NAME = AppIcon;
				DEVELOPMENT_TEAM = UZF2EAZR7R;
				INFOPLIST_FILE = KNCinema/Info.plist;
				LD_RUNPATH_SEARCH_PATHS = "$(inherited) @executable_path/Frameworks";
				PRODUCT_BUNDLE_IDENTIFIER = ABC.KNCinema;
				PRODUCT_NAME = "$(TARGET_NAME)";
				SWIFT_VERSION = 3.0;
			};
			name = Debug;
		};
		CC126D891EF788A90006EBCD /* Release */ = {
			isa = XCBuildConfiguration;
			buildSettings = {
				ASSETCATALOG_COMPILER_APPICON_NAME = AppIcon;
				DEVELOPMENT_TEAM = UZF2EAZR7R;
				INFOPLIST_FILE = KNCinema/Info.plist;
				LD_RUNPATH_SEARCH_PATHS = "$(inherited) @executable_path/Frameworks";
				PRODUCT_BUNDLE_IDENTIFIER = ABC.KNCinema;
				PRODUCT_NAME = "$(TARGET_NAME)";
				SWIFT_VERSION = 3.0;
			};
			name = Release;
		};
/* End XCBuildConfiguration section */

/* Begin XCConfigurationList section */
		CC126D6D1EF788A90006EBCD /* Build configuration list for PBXProject "KNCinema" */ = {
			isa = XCConfigurationList;
			buildConfigurations = (
				CC126D851EF788A90006EBCD /* Debug */,
				CC126D861EF788A90006EBCD /* Release */,
			);
			defaultConfigurationIsVisible = 0;
			defaultConfigurationName = Release;
		};
		CC126D871EF788A90006EBCD /* Build configuration list for PBXNativeTarget "KNCinema" */ = {
			isa = XCConfigurationList;
			buildConfigurations = (
				CC126D881EF788A90006EBCD /* Debug */,
				CC126D891EF788A90006EBCD /* Release */,
			);
			defaultConfigurationIsVisible = 0;
		};
/* End XCConfigurationList section */

/* Begin XCVersionGroup section */
		CC126D7C1EF788A90006EBCD /* KNCinema.xcdatamodeld */ = {
			isa = XCVersionGroup;
			children = (
				CC126D7D1EF788A90006EBCD /* KNCinema.xcdatamodel */,
			);
			currentVersion = CC126D7D1EF788A90006EBCD /* KNCinema.xcdatamodel */;
			path = KNCinema.xcdatamodeld;
			sourceTree = "<group>";
			versionGroupType = wrapper.xcdatamodel;
		};
/* End XCVersionGroup section */
	};
	rootObject = CC126D6A1EF788A90006EBCD /* Project object */;
}
